
Microsoft Visual Studio Solution File, Format Version 12.00
# Visual Studio 2013
VisualStudioVersion = 12.0.30501.0
MinimumVisualStudioVersion = 10.0.40219.1
Project("{FAE04EC0-301F-11D3-BF4B-00C04F79EFBC}") = "LightBuzz.Kinect2CSV", "LightBuzz.Kinect2CSV\LightBuzz.Kinect2CSV.csproj", "{C305AE85-0F92-454A-A92B-594863E83F53}"
EndProject
Project("{FAE04EC0-301F-11D3-BF4B-00C04F79EFBC}") = "LightBuzz.Kinect2CSV.Test", "LightBuzz.Kinect2CSV.Test\LightBuzz.Kinect2CSV.Test.csproj", "{65B4B4F5-DF83-4084-AF8E-7482A3EF730F}"
EndProject
Global
	GlobalSection(SolutionConfigurationPlatforms) = preSolution
		Debug|Any CPU = Debug|Any CPU
		Release|Any CPU = Release|Any CPU
	EndGlobalSection
	GlobalSection(ProjectConfigurationPlatforms) = postSolution
		{C305AE85-0F92-454A-A92B-594863E83F53}.Debug|Any CPU.ActiveCfg = Debug|Any CPU
		{C305AE85-0F92-454A-A92B-594863E83F53}.Debug|Any CPU.Build.0 = Debug|Any CPU
		{C305AE85-0F92-454A-A92B-594863E83F53}.Release|Any CPU.ActiveCfg = Release|Any CPU
		{C305AE85-0F92-454A-A92B-594863E83F53}.Release|Any CPU.Build.0 = Release|Any CPU
		{65B4B4F5-DF83-4084-AF8E-7482A3EF730F}.Debug|Any CPU.ActiveCfg = Debug|Any CPU
		{65B4B4F5-DF83-4084-AF8E-7482A3EF730F}.Debug|Any CPU.Build.0 = Debug|Any CPU
		{65B4B4F5-DF83-4084-AF8E-7482A3EF730F}.Release|Any CPU.ActiveCfg = Release|Any CPU
		{65B4B4F5-DF83-4084-AF8E-7482A3EF730F}.Release|Any CPU.Build.0 = Release|Any CPU
	EndGlobalSection
	GlobalSection(SolutionProperties) = preSolution
		HideSolutionNode = FALSE
	EndGlobalSection
EndGlobal
